
Microsoft Visual Studio Solution File, Format Version 12.00
# Visual Studio Version 16
VisualStudioVersion = 16.0.31702.278
MinimumVisualStudioVersion = 10.0.40219.1
Project("{888888A0-9F3D-457C-B088-3A5042F75D52}") = "rl_ac", "rl_ac.pyproj", "{95F93644-D78E-4599-8768-2F67CC3FED1F}"
EndProject
Global
	GlobalSection(SolutionConfigurationPlatforms) = preSolution
		Debug|Any CPU = Debug|Any CPU
		Release|Any CPU = Release|Any CPU
	EndGlobalSection
	GlobalSection(ProjectConfigurationPlatforms) = postSolution
		{95F93644-D78E-4599-8768-2F67CC3FED1F}.Debug|Any CPU.ActiveCfg = Debug|Any CPU
		{95F93644-D78E-4599-8768-2F67CC3FED1F}.Release|Any CPU.ActiveCfg = Release|Any CPU
	EndGlobalSection
	GlobalSection(SolutionProperties) = preSolution
		HideSolutionNode = FALSE
	EndGlobalSection
	GlobalSection(ExtensibilityGlobals) = postSolution
		SolutionGuid = {F223C9BB-D2C9-4603-9172-48D2E373A3BE}
	EndGlobalSection
EndGlobal
